{
  "name": "matlab-install-action",
  "version": "0.0.1",
  "lockfileVersion": 1,
  "requires": true,
  "dependencies": {
    "@actions/core": {
      "version": "1.2.4",
      "resolved": "https://registry.npmjs.org/@actions/core/-/core-1.2.4.tgz",
      "integrity": "sha512-YJCEq8BE3CdN8+7HPZ/4DxJjk/OkZV2FFIf+DlZTC/4iBlzYCD5yjRR6eiOS5llO11zbRltIRuKAjMKaWTE6cg=="
    },
    "@zeit/ncc": {
      "version": "0.22.3",
      "resolved": "https://registry.npmjs.org/@zeit/ncc/-/ncc-0.22.3.tgz",
      "integrity": "sha512-jnCLpLXWuw/PAiJiVbLjA8WBC0IJQbFeUwF4I9M+23MvIxTxk5pD4Q8byQBSPmHQjz5aBoA7AKAElQxMpjrCLQ==",
      "dev": true
    }
  }
}
